{
  "name": "node",
  "version": "1.0.0",
  "lockfileVersion": 3,
  "requires": true,
  "packages": {
    "": {
      "name": "node",
      "version": "1.0.0",
      "license": "ISC",
      "dependencies": {
        "@ekagontsova/ajs": "^1.0.0"
      }
    },
    "node_modules/@ekagontsova/ajs": {
      "version": "1.0.0",
      "resolved": "https://npm.pkg.github.com/download/@ekagontsova/ajs/1.0.0/ce013fc9d78a212232ad7584157fa4eac9782779",
      "integrity": "sha512-ZwBWOqcyYXubJMPDO07vzgOFezbbLKzPGZ3w8TUnJPwMWiIzdOYwwGGnJexydyX4UnRj+uPDcQ0u2GXwwh03IQ==",
      "license": "ISC"
    }
  }
}
